
Microsoft Visual Studio Solution File, Format Version 12.00
# Visual Studio 15
VisualStudioVersion = 15.0.28307.1145
MinimumVisualStudioVersion = 10.0.40219.1
Project("{FAE04EC0-301F-11D3-BF4B-00C04F79EFBC}") = "wk8-9", "wk8-9\wk8-9.csproj", "{52A2BB07-378D-431B-A469-709C7DEFE1AB}"
EndProject
Global
	GlobalSection(SolutionConfigurationPlatforms) = preSolution
		Debug|Any CPU = Debug|Any CPU
		Release|Any CPU = Release|Any CPU
	EndGlobalSection
	GlobalSection(ProjectConfigurationPlatforms) = postSolution
		{52A2BB07-378D-431B-A469-709C7DEFE1AB}.Debug|Any CPU.ActiveCfg = Debug|Any CPU
		{52A2BB07-378D-431B-A469-709C7DEFE1AB}.Debug|Any CPU.Build.0 = Debug|Any CPU
		{52A2BB07-378D-431B-A469-709C7DEFE1AB}.Release|Any CPU.ActiveCfg = Release|Any CPU
		{52A2BB07-378D-431B-A469-709C7DEFE1AB}.Release|Any CPU.Build.0 = Release|Any CPU
	EndGlobalSection
	GlobalSection(SolutionProperties) = preSolution
		HideSolutionNode = FALSE
	EndGlobalSection
	GlobalSection(ExtensibilityGlobals) = postSolution
		SolutionGuid = {0B2364D4-32DB-4A9D-896A-A0B03A2F08FE}
	EndGlobalSection
EndGlobal
